// !$*UTF8*$!
{
	archiveVersion = 1;
	classes = {
	};
	objectVersion = 46;
	objects = {

/* Begin PBXBuildFile section */
		261AC4B21B9E0DD200CCE682 /* AppDelegate.swift in Sources */ = {isa = PBXBuildFile; fileRef = 261AC4B11B9E0DD200CCE682 /* AppDelegate.swift */; };
		261AC4B41B9E0DD200CCE682 /* ViewController.swift in Sources */ = {isa = PBXBuildFile; fileRef = 261AC4B31B9E0DD200CCE682 /* ViewController.swift */; };
		261AC4B71B9E0DD200CCE682 /* Main.storyboard in Resources */ = {isa = PBXBuildFile; fileRef = 261AC4B51B9E0DD200CCE682 /* Main.storyboard */; };
		261AC4B91B9E0DD200CCE682 /* Images.xcassets in Resources */ = {isa = PBXBuildFile; fileRef = 261AC4B81B9E0DD200CCE682 /* Images.xcassets */; };
		261AC4BC1B9E0DD200CCE682 /* LaunchScreen.xib in Resources */ = {isa = PBXBuildFile; fileRef = 261AC4BA1B9E0DD200CCE682 /* LaunchScreen.xib */; };
		261AC4C81B9E0DD300CCE682 /* tipsTests.swift in Sources */ = {isa = PBXBuildFile; fileRef = 261AC4C71B9E0DD300CCE682 /* tipsTests.swift */; };
/* End PBXBuildFile section */

/* Begin PBXContainerItemProxy section */
		261AC4C21B9E0DD200CCE682 /* PBXContainerItemProxy */ = {
			isa = PBXContainerItemProxy;
			containerPortal = 261AC4A41B9E0DD200CCE682 /* Project object */;
			proxyType = 1;
			remoteGlobalIDString = 261AC4AB1B9E0DD200CCE682;
			remoteInfo = tips;
		};
/* End PBXContainerItemProxy section */

/* Begin PBXFileReference section */
		261AC4AC1B9E0DD200CCE682 /* tips.app */ = {isa = PBXFileReference; explicitFileType = wrapper.application; includeInIndex = 0; path = tips.app; sourceTree = BUILT_PRODUCTS_DIR; };
		261AC4B01B9E0DD200CCE682 /* Info.plist */ = {isa = PBXFileReference; lastKnownFileType = text.plist.xml; path = Info.plist; sourceTree = "<group>"; };
		261AC4B11B9E0DD200CCE682 /* AppDelegate.swift */ = {isa = PBXFileReference; lastKnownFileType = sourcecode.swift; path = AppDelegate.swift; sourceTree = "<group>"; };
		261AC4B31B9E0DD200CCE682 /* ViewController.swift */ = {isa = PBXFileReference; lastKnownFileType = sourcecode.swift; path = ViewController.swift; sourceTree = "<group>"; };
		261AC4B61B9E0DD200CCE682 /* Base */ = {isa = PBXFileReference; lastKnownFileType = file.storyboard; name = Base; path = Base.lproj/Main.storyboard; sourceTree = "<group>"; };
		261AC4B81B9E0DD200CCE682 /* Images.xcassets */ = {isa = PBXFileReference; lastKnownFileType = folder.assetcatalog; path = Images.xcassets; sourceTree = "<group>"; };
		261AC4BB1B9E0DD200CCE682 /* Base */ = {isa = PBXFileReference; lastKnownFileType = file.xib; name = Base; path = Base.lproj/LaunchScreen.xib; sourceTree = "<group>"; };
		261AC4C11B9E0DD200CCE682 /* tipsTests.xctest */ = {isa = PBXFileReference; explicitFileType = wrapper.cfbundle; includeInIndex = 0; path = tipsTests.xctest; sourceTree = BUILT_PRODUCTS_DIR; };
		261AC4C61B9E0DD300CCE682 /* Info.plist */ = {isa = PBXFileReference; lastKnownFileType = text.plist.xml; path = Info.plist; sourceTree = "<group>"; };
		261AC4C71B9E0DD300CCE682 /* tipsTests.swift */ = {isa = PBXFileReference; lastKnownFileType = sourcecode.swift; path = tipsTests.swift; sourceTree = "<group>"; };
/* End PBXFileReference section */

/* Begin PBXFrameworksBuildPhase section */
		261AC4A91B9E0DD200CCE682 /* Frameworks */ = {
			isa = PBXFrameworksBuildPhase;
			buildActionMask = 2147483647;
			files = (
			);
			runOnlyForDeploymentPostprocessing = 0;
		};
		261AC4BE1B9E0DD200CCE682 /* Frameworks */ = {
			isa = PBXFrameworksBuildPhase;
			buildActionMask = 2147483647;
			files = (
			);
			runOnlyForDeploymentPostprocessing = 0;
		};
/* End PBXFrameworksBuildPhase section */

/* Begin PBXGroup section */
		261AC4A31B9E0DD200CCE682 = {
			isa = PBXGroup;
			children = (
				261AC4AE1B9E0DD200CCE682 /* tips */,
				261AC4C41B9E0DD300CCE682 /* tipsTests */,
				261AC4AD1B9E0DD200CCE682 /* Products */,
			);
			sourceTree = "<group>";
		};
		261AC4AD1B9E0DD200CCE682 /* Products */ = {
			isa = PBXGroup;
			children = (
				261AC4AC1B9E0DD200CCE682 /* tips.app */,
				261AC4C11B9E0DD200CCE682 /* tipsTests.xctest */,
			);
			name = Products;
			sourceTree = "<group>";
		};
		261AC4AE1B9E0DD200CCE682 /* tips */ = {
			isa = PBXGroup;
			children = (
				261AC4B11B9E0DD200CCE682 /* AppDelegate.swift */,
				261AC4B31B9E0DD200CCE682 /* ViewController.swift */,
				261AC4B51B9E0DD200CCE682 /* Main.storyboard */,
				261AC4B81B9E0DD200CCE682 /* Images.xcassets */,
				261AC4BA1B9E0DD200CCE682 /* LaunchScreen.xib */,
				261AC4AF1B9E0DD200CCE682 /* Supporting Files */,
			);
			path = tips;
			sourceTree = "<group>";
		};
		261AC4AF1B9E0DD200CCE682 /* Supporting Files */ = {
			isa = PBXGroup;
			children = (
				261AC4B01B9E0DD200CCE682 /* Info.plist */,
			);
			name = "Supporting Files";
			sourceTree = "<group>";
		};
		261AC4C41B9E0DD300CCE682 /* tipsTests */ = {
			isa = PBXGroup;
			children = (
				261AC4C71B9E0DD300CCE682 /* tipsTests.swift */,
				261AC4C51B9E0DD300CCE682 /* Supporting Files */,
			);
			path = tipsTests;
			sourceTree = "<group>";
		};
		261AC4C51B9E0DD300CCE682 /* Supporting Files */ = {
			isa = PBXGroup;
			children = (
				261AC4C61B9E0DD300CCE682 /* Info.plist */,
			);
			name = "Supporting Files";
			sourceTree = "<group>";
		};
/* End PBXGroup section */

/* Begin PBXNativeTarget section */
		261AC4AB1B9E0DD200CCE682 /* tips */ = {
			isa = PBXNativeTarget;
			buildConfigurationList = 261AC4CB1B9E0DD300CCE682 /* Build configuration list for PBXNativeTarget "tips" */;
			buildPhases = (
				261AC4A81B9E0DD200CCE682 /* Sources */,
				261AC4A91B9E0DD200CCE682 /* Frameworks */,
				261AC4AA1B9E0DD200CCE682 /* Resources */,
			);
			buildRules = (
			);
			dependencies = (
			);
			name = tips;
			productName = tips;
			productReference = 261AC4AC1B9E0DD200CCE682 /* tips.app */;
			productType = "com.apple.product-type.application";
		};
		261AC4C01B9E0DD200CCE682 /* tipsTests */ = {
			isa = PBXNativeTarget;
			buildConfigurationList = 261AC4CE1B9E0DD300CCE682 /* Build configuration list for PBXNativeTarget "tipsTests" */;
			buildPhases = (
				261AC4BD1B9E0DD200CCE682 /* Sources */,
				261AC4BE1B9E0DD200CCE682 /* Frameworks */,
				261AC4BF1B9E0DD200CCE682 /* Resources */,
			);
			buildRules = (
			);
			dependencies = (
				261AC4C31B9E0DD200CCE682 /* PBXTargetDependency */,
			);
			name = tipsTests;
			productName = tipsTests;
			productReference = 261AC4C11B9E0DD200CCE682 /* tipsTests.xctest */;
			productType = "com.apple.product-type.bundle.unit-test";
		};
/* End PBXNativeTarget section */

/* Begin PBXProject section */
		261AC4A41B9E0DD200CCE682 /* Project object */ = {
			isa = PBXProject;
			attributes = {
				LastUpgradeCheck = 0640;
				ORGANIZATIONNAME = walmartlabs;
				TargetAttributes = {
					261AC4AB1B9E0DD200CCE682 = {
						CreatedOnToolsVersion = 6.4;
					};
					261AC4C01B9E0DD200CCE682 = {
						CreatedOnToolsVersion = 6.4;
						TestTargetID = 261AC4AB1B9E0DD200CCE682;
					};
				};
			};
			buildConfigurationList = 261AC4A71B9E0DD200CCE682 /* Build configuration list for PBXProject "tips" */;
			compatibilityVersion = "Xcode 3.2";
			developmentRegion = English;
			hasScannedForEncodings = 0;
			knownRegions = (
				en,
				Base,
			);
			mainGroup = 261AC4A31B9E0DD200CCE682;
			productRefGroup = 261AC4AD1B9E0DD200CCE682 /* Products */;
			projectDirPath = "";
			projectRoot = "";
			targets = (
				261AC4AB1B9E0DD200CCE682 /* tips */,
				261AC4C01B9E0DD200CCE682 /* tipsTests */,
			);
		};
/* End PBXProject section */

/* Begin PBXResourcesBuildPhase section */
		261AC4AA1B9E0DD200CCE682 /* Resources */ = {
			isa = PBXResourcesBuildPhase;
			buildActionMask = 2147483647;
			files = (
				261AC4B71B9E0DD200CCE682 /* Main.storyboard in Resources */,
				261AC4BC1B9E0DD200CCE682 /* LaunchScreen.xib in Resources */,
				261AC4B91B9E0DD200CCE682 /* Images.xcassets in Resources */,
			);
			runOnlyForDeploymentPostprocessing = 0;
		};
		261AC4BF1B9E0DD200CCE682 /* Resources */ = {
			isa = PBXResourcesBuildPhase;
			buildActionMask = 2147483647;
			files = (
			);
			runOnlyForDeploymentPostprocessing = 0;
		};
/* End PBXResourcesBuildPhase section */

/* Begin PBXSourcesBuildPhase section */
		261AC4A81B9E0DD200CCE682 /* Sources */ = {
			isa = PBXSourcesBuildPhase;
			buildActionMask = 2147483647;
			files = (
				261AC4B41B9E0DD200CCE682 /* ViewController.swift in Sources */,
				261AC4B21B9E0DD200CCE682 /* AppDelegate.swift in Sources */,
			);
			runOnlyForDeploymentPostprocessing = 0;
		};
		261AC4BD1B9E0DD200CCE682 /* Sources */ = {
			isa = PBXSourcesBuildPhase;
			buildActionMask = 2147483647;
			files = (
				261AC4C81B9E0DD300CCE682 /* tipsTests.swift in Sources */,
			);
			runOnlyForDeploymentPostprocessing = 0;
		};
/* End PBXSourcesBuildPhase section */

/* Begin PBXTargetDependency section */
		261AC4C31B9E0DD200CCE682 /* PBXTargetDependency */ = {
			isa = PBXTargetDependency;
			target = 261AC4AB1B9E0DD200CCE682 /* tips */;
			targetProxy = 261AC4C21B9E0DD200CCE682 /* PBXContainerItemProxy */;
		};
/* End PBXTargetDependency section */

/* Begin PBXVariantGroup section */
		261AC4B51B9E0DD200CCE682 /* Main.storyboard */ = {
			isa = PBXVariantGroup;
			children = (
				261AC4B61B9E0DD200CCE682 /* Base */,
			);
			name = Main.storyboard;
			sourceTree = "<group>";
		};
		261AC4BA1B9E0DD200CCE682 /* LaunchScreen.xib */ = {
			isa = PBXVariantGroup;
			children = (
				261AC4BB1B9E0DD200CCE682 /* Base */,
			);
			name = LaunchScreen.xib;
			sourceTree = "<group>";
		};
/* End PBXVariantGroup section */

/* Begin XCBuildConfiguration section */
		261AC4C91B9E0DD300CCE682 /* Debug */ = {
			isa = XCBuildConfiguration;
			buildSettings = {
				ALWAYS_SEARCH_USER_PATHS = NO;
				CLANG_CXX_LANGUAGE_STANDARD = "gnu++0x";
				CLANG_CXX_LIBRARY = "libc++";
				CLANG_ENABLE_MODULES = YES;
				CLANG_ENABLE_OBJC_ARC = YES;
				CLANG_WARN_BOOL_CONVERSION = YES;
				CLANG_WARN_CONSTANT_CONVERSION = YES;
				CLANG_WARN_DIRECT_OBJC_ISA_USAGE = YES_ERROR;
				CLANG_WARN_EMPTY_BODY = YES;
				CLANG_WARN_ENUM_CONVERSION = YES;
				CLANG_WARN_INT_CONVERSION = YES;
				CLANG_WARN_OBJC_ROOT_CLASS = YES_ERROR;
				CLANG_WARN_UNREACHABLE_CODE = YES;
				CLANG_WARN__DUPLICATE_METHOD_MATCH = YES;
				"CODE_SIGN_IDENTITY[sdk=iphoneos*]" = "iPhone Developer";
				COPY_PHASE_STRIP = NO;
				DEBUG_INFORMATION_FORMAT = "dwarf-with-dsym";
				ENABLE_STRICT_OBJC_MSGSEND = YES;
				GCC_C_LANGUAGE_STANDARD = gnu99;
				GCC_DYNAMIC_NO_PIC = NO;
				GCC_NO_COMMON_BLOCKS = YES;
				GCC_OPTIMIZATION_LEVEL = 0;
				GCC_PREPROCESSOR_DEFINITIONS = (
					"DEBUG=1",
					"$(inherited)",
				);
				GCC_SYMBOLS_PRIVATE_EXTERN = NO;
				GCC_WARN_64_TO_32_BIT_CONVERSION = YES;
				GCC_WARN_ABOUT_RETURN_TYPE = YES_ERROR;
				GCC_WARN_UNDECLARED_SELECTOR = YES;
				GCC_WARN_UNINITIALIZED_AUTOS = YES_AGGRESSIVE;
				GCC_WARN_UNUSED_FUNCTION = YES;
				GCC_WARN_UNUSED_VARIABLE = YES;
				IPHONEOS_DEPLOYMENT_TARGET = 8.4;
				MTL_ENABLE_DEBUG_INFO = YES;
				ONLY_ACTIVE_ARCH = YES;
				SDKROOT = iphoneos;
				SWIFT_OPTIMIZATION_LEVEL = "-Onone";
			};
			name = Debug;
		};
		261AC4CA1B9E0DD300CCE682 /* Release */ = {
			isa = XCBuildConfiguration;
			buildSettings = {
				ALWAYS_SEARCH_USER_PATHS = NO;
				CLANG_CXX_LANGUAGE_STANDARD = "gnu++0x";
				CLANG_CXX_LIBRARY = "libc++";
				CLANG_ENABLE_MODULES = YES;
				CLANG_ENABLE_OBJC_ARC = YES;
				CLANG_WARN_BOOL_CONVERSION = YES;
				CLANG_WARN_CONSTANT_CONVERSION = YES;
				CLANG_WARN_DIRECT_OBJC_ISA_USAGE = YES_ERROR;
				CLANG_WARN_EMPTY_BODY = YES;
				CLANG_WARN_ENUM_CONVERSION = YES;
				CLANG_WARN_INT_CONVERSION = YES;
				CLANG_WARN_OBJC_ROOT_CLASS = YES_ERROR;
				CLANG_WARN_UNREACHABLE_CODE = YES;
				CLANG_WARN__DUPLICATE_METHOD_MATCH = YES;
				"CODE_SIGN_IDENTITY[sdk=iphoneos*]" = "iPhone Developer";
				COPY_PHASE_STRIP = NO;
				DEBUG_INFORMATION_FORMAT = "dwarf-with-dsym";
				ENABLE_NS_ASSERTIONS = NO;
				ENABLE_STRICT_OBJC_MSGSEND = YES;
				GCC_C_LANGUAGE_STANDARD = gnu99;
				GCC_NO_COMMON_BLOCKS = YES;
				GCC_WARN_64_TO_32_BIT_CONVERSION = YES;
				GCC_WARN_ABOUT_RETURN_TYPE = YES_ERROR;
				GCC_WARN_UNDECLARED_SELECTOR = YES;
				GCC_WARN_UNINITIALIZED_AUTOS = YES_AGGRESSIVE;
				GCC_WARN_UNUSED_FUNCTION = YES;
				GCC_WARN_UNUSED_VARIABLE = YES;
				IPHONEOS_DEPLOYMENT_TARGET = 8.4;
				MTL_ENABLE_DEBUG_INFO = NO;
				SDKROOT = iphoneos;
				VALIDATE_PRODUCT = YES;
			};
			name = Release;
		};
		261AC4CC1B9E0DD300CCE682 /* Debug */ = {
			isa = XCBuildConfiguration;
			buildSettings = {
				ASSETCATALOG_COMPILER_APPICON_NAME = AppIcon;
				INFOPLIST_FILE = tips/Info.plist;
				LD_RUNPATH_SEARCH_PATHS = "$(inherited) @executable_path/Frameworks";
				PRODUCT_NAME = "$(TARGET_NAME)";
			};
			name = Debug;
		};
		261AC4CD1B9E0DD300CCE682 /* Release */ = {
			isa = XCBuildConfiguration;
			buildSettings = {
				ASSETCATALOG_COMPILER_APPICON_NAME = AppIcon;
				INFOPLIST_FILE = tips/Info.plist;
				LD_RUNPATH_SEARCH_PATHS = "$(inherited) @executable_path/Frameworks";
				PRODUCT_NAME = "$(TARGET_NAME)";
			};
			name = Release;
		};
		261AC4CF1B9E0DD300CCE682 /* Debug */ = {
			isa = XCBuildConfiguration;
			buildSettings = {
				BUNDLE_LOADER = "$(TEST_HOST)";
				FRAMEWORK_SEARCH_PATHS = (
					"$(SDKROOT)/Developer/Library/Frameworks",
					"$(inherited)",
				);
				GCC_PREPROCESSOR_DEFINITIONS = (
					"DEBUG=1",
					"$(inherited)",
				);
				INFOPLIST_FILE = tipsTests/Info.plist;
				LD_RUNPATH_SEARCH_PATHS = "$(inherited) @executable_path/Frameworks @loader_path/Frameworks";
				PRODUCT_NAME = "$(TARGET_NAME)";
				TEST_HOST = "$(BUILT_PRODUCTS_DIR)/tips.app/tips";
			};
			name = Debug;
		};
		261AC4D01B9E0DD300CCE682 /* Release */ = {
			isa = XCBuildConfiguration;
			buildSettings = {
				BUNDLE_LOADER = "$(TEST_HOST)";
				FRAMEWORK_SEARCH_PATHS = (
					"$(SDKROOT)/Developer/Library/Frameworks",
					"$(inherited)",
				);
				INFOPLIST_FILE = tipsTests/Info.plist;
				LD_RUNPATH_SEARCH_PATHS = "$(inherited) @executable_path/Frameworks @loader_path/Frameworks";
				PRODUCT_NAME = "$(TARGET_NAME)";
				TEST_HOST = "$(BUILT_PRODUCTS_DIR)/tips.app/tips";
			};
			name = Release;
		};
/* End XCBuildConfiguration section */

/* Begin XCConfigurationList section */
		261AC4A71B9E0DD200CCE682 /* Build configuration list for PBXProject "tips" */ = {
			isa = XCConfigurationList;
			buildConfigurations = (
				261AC4C91B9E0DD300CCE682 /* Debug */,
				261AC4CA1B9E0DD300CCE682 /* Release */,
			);
			defaultConfigurationIsVisible = 0;
			defaultConfigurationName = Release;
		};
		261AC4CB1B9E0DD300CCE682 /* Build configuration list for PBXNativeTarget "tips" */ = {
			isa = XCConfigurationList;
			buildConfigurations = (
				261AC4CC1B9E0DD300CCE682 /* Debug */,
				261AC4CD1B9E0DD300CCE682 /* Release */,
			);
			defaultConfigurationIsVisible = 0;
		};
		261AC4CE1B9E0DD300CCE682 /* Build configuration list for PBXNativeTarget "tipsTests" */ = {
			isa = XCConfigurationList;
			buildConfigurations = (
				261AC4CF1B9E0DD300CCE682 /* Debug */,
				261AC4D01B9E0DD300CCE682 /* Release */,
			);
			defaultConfigurationIsVisible = 0;
		};
/* End XCConfigurationList section */
	};
	rootObject = 261AC4A41B9E0DD200CCE682 /* Project object */;
}
